<?xml version="1.0" encoding="utf-8"?>
<Project ToolsVersion="4.0" xmlns="http://schemas.microsoft.com/developer/msbuild/2003">
  <ItemGroup>
    <Filter Include="Source Files">
      <UniqueIdentifier>{4FC737F1-C7A5-4376-A066-2A32D752A2FF}</UniqueIdentifier>
      <Extensions>cpp;c;cc;cxx;def;odl;idl;hpj;bat;asm;asmx</Extensions>
    </Filter>
    <Filter Include="Header Files">
      <UniqueIdentifier>{93995380-89BD-4b04-88EB-625FBE52EBFB}</UniqueIdentifier>
      <Extensions>h;hh;hpp;hxx;hm;inl;inc;xsd</Extensions>
    </Filter>
    <Filter Include="Resource Files">
      <UniqueIdentifier>{67DA6AB6-F800-4c08-8B7A-83BB121AAD01}</UniqueIdentifier>
      <Extensions>rc;ico;cur;bmp;dlg;rc2;rct;bin;rgs;gif;jpg;jpeg;jpe;resx;tiff;tif;png;wav;mfcribbon-ms</Extensions>
    </Filter>
    <Filter Include="Graphics">
      <UniqueIdentifier>{514ad93b-5ede-4649-855a-bee249822803}</UniqueIdentifier>
    </Filter>
    <Filter Include="Windows">
      <UniqueIdentifier>{33c1ebe7-c965-473d-a8f7-b18bb7f5acfe}</UniqueIdentifier>
    </Filter>
    <Filter Include="Core">
      <UniqueIdentifier>{e8f4a629-b16a-4bd6-8b4b-47895021b253}</UniqueIdentifier>
    </Filter>
    <Filter Include="World">
      <UniqueIdentifier>{bc8cfde1-1ee1-44a8-b66d-b361376972f4}</UniqueIdentifier>
    </Filter>
    <Filter Include="Graphics\DirectX12">
      <UniqueIdentifier>{c4c769e2-2277-4678-9d1b-a75386fc8717}</UniqueIdentifier>
    </Filter>
  </ItemGroup>
  <ItemGroup>
    <ClCompile Include="WindowsMessageCenter.cpp">
      <Filter>Windows</Filter>
    </ClCompile>
    <ClCompile Include="windows_utils.cpp">
      <Filter>Windows</Filter>
    </ClCompile>
    <ClCompile Include="Console.cpp">
      <Filter>Core</Filter>
    </ClCompile>
    <ClCompile Include="Window.cpp">
      <Filter>Core</Filter>
    </ClCompile>
    <ClCompile Include="Scene.cpp">
      <Filter>Graphics</Filter>
    </ClCompile>
    <ClCompile Include="Graphics\DirectX12\dx12_internal.cpp">
      <Filter>Graphics\DirectX12</Filter>
    </ClCompile>
    <ClCompile Include="Graphics\DirectX12\dx12_renderable.cpp">
      <Filter>Graphics\DirectX12</Filter>
    </ClCompile>
    <ClCompile Include="Graphics\DirectX12\dx12_renderer.cpp">
      <Filter>Graphics\DirectX12</Filter>
    </ClCompile>
    <ClCompile Include="Graphics\DirectX12\DescriptorHeap.cpp">
      <Filter>Source Files</Filter>
    </ClCompile>
    <ClCompile Include="Graphics\DirectX12\Device.cpp">
      <Filter>Source Files</Filter>
    </ClCompile>
    <ClCompile Include="Graphics\DirectX12\CommandContext.cpp">
      <Filter>Source Files</Filter>
    </ClCompile>
    <ClCompile Include="Graphics\DirectX12\GpuResource.cpp">
      <Filter>Source Files</Filter>
    </ClCompile>
    <ClCompile Include="Graphics\DirectX12\PipelineState.cpp">
      <Filter>Source Files</Filter>
    </ClCompile>
    <ClCompile Include="Graphics\DirectX12\Shader.cpp">
      <Filter>Source Files</Filter>
    </ClCompile>
    <ClCompile Include="OSWin.cpp">
      <Filter>Source Files</Filter>
    </ClCompile>
    <ClCompile Include="Graphics\DirectX12\RootSignature.cpp">
      <Filter>Source Files</Filter>
    </ClCompile>
    <ClCompile Include="Graphics\DirectX12\RenderContext.cpp">
      <Filter>Source Files</Filter>
    </ClCompile>
    <ClCompile Include="Graphics\DirectX12\Viewport.cpp">
      <Filter>Source Files</Filter>
    </ClCompile>
  </ItemGroup>
  <ItemGroup>
    <ClInclude Include="IApplication.h">
      <Filter>Header Files</Filter>
    </ClInclude>
    <ClInclude Include="stdafx.h">
      <Filter>Header Files</Filter>
    </ClInclude>
    <ClInclude Include="windows_utils.h">
      <Filter>Windows</Filter>
    </ClInclude>
    <ClInclude Include="WindowsMessageCenter.h">
      <Filter>Windows</Filter>
    </ClInclude>
    <ClInclude Include="Engine.h">
      <Filter>Core</Filter>
    </ClInclude>
    <ClInclude Include="Console.h">
      <Filter>Core</Filter>
    </ClInclude>
    <ClInclude Include="Options.h">
      <Filter>Core</Filter>
    </ClInclude>
    <ClInclude Include="Timer.h">
      <Filter>Core</Filter>
    </ClInclude>
    <ClInclude Include="TypeDefs.h">
      <Filter>Core</Filter>
    </ClInclude>
    <ClInclude Include="Window.h">
      <Filter>Core</Filter>
    </ClInclude>
    <ClInclude Include="Scene.h">
      <Filter>Graphics</Filter>
    </ClInclude>
    <ClInclude Include="Mesh.h">
      <Filter>Graphics</Filter>
    </ClInclude>
    <ClInclude Include="Graphics\DirectX12\d3dx12.h">
      <Filter>Graphics\DirectX12</Filter>
    </ClInclude>
    <ClInclude Include="Graphics\DirectX12\dx12_internal.h">
      <Filter>Graphics\DirectX12</Filter>
    </ClInclude>
    <ClInclude Include="Graphics\DirectX12\dx12_renderable.h">
      <Filter>Graphics\DirectX12</Filter>
    </ClInclude>
    <ClInclude Include="Graphics\DirectX12\dx12_renderer.h">
      <Filter>Graphics\DirectX12</Filter>
    </ClInclude>
    <ClInclude Include="Graphics\Renderable.h">
      <Filter>Graphics</Filter>
    </ClInclude>
    <ClInclude Include="Graphics\DirectX12\DescriptorHeap.h">
      <Filter>Header Files</Filter>
    </ClInclude>
    <ClInclude Include="Graphics\DirectX12\Device.h">
      <Filter>Header Files</Filter>
    </ClInclude>
    <ClInclude Include="Graphics\DirectX12\CommandContext.h">
      <Filter>Header Files</Filter>
    </ClInclude>
    <ClInclude Include="Graphics\DirectX12\GpuResource.h">
      <Filter>Header Files</Filter>
    </ClInclude>
    <ClInclude Include="Luz.h">
      <Filter>Header Files</Filter>
    </ClInclude>
    <ClInclude Include="Graphics\DirectX12\PipelineState.h">
      <Filter>Header Files</Filter>
    </ClInclude>
    <ClInclude Include="Graphics\DirectX12\RootSignature.h">
      <Filter>Header Files</Filter>
    </ClInclude>
    <ClInclude Include="Graphics\DirectX12\GpuState.h">
      <Filter>Header Files</Filter>
    </ClInclude>
    <ClInclude Include="Graphics\DirectX12\Shader.h">
      <Filter>Header Files</Filter>
    </ClInclude>
    <ClInclude Include="OSWin.h">
      <Filter>Header Files</Filter>
    </ClInclude>
    <ClInclude Include="Graphics\DirectX12\RenderContext.h">
      <Filter>Header Files</Filter>
    </ClInclude>
    <ClInclude Include="Graphics\DirectX12\Viewport.h">
      <Filter>Header Files</Filter>
    </ClInclude>
  </ItemGroup>
</Project>