
Microsoft Visual Studio Solution File, Format Version 12.00
# Visual Studio 14
VisualStudioVersion = 14.0.25420.1
MinimumVisualStudioVersion = 10.0.40219.1
Project("{8BC9CEB8-8B4A-11D0-8D11-00A0C91BC942}") = "Mesh", "Mesh\Mesh.vcxproj", "{5F12E01B-8735-40BB-B271-705AB2E04B6B}"
EndProject
Project("{8BC9CEB8-8B4A-11D0-8D11-00A0C91BC942}") = "Luz", "..\..\Luz\Luz\Luz.vcxproj", "{8D96020F-A343-4B9F-A5F7-8AF104DD3C28}"
EndProject
Project("{8BC9CEB8-8B4A-11D0-8D11-00A0C91BC942}") = "GraphicsMath", "..\..\Library\GraphicsMath\GraphicsMath.vcxproj", "{6B0DF065-7618-4147-9FFF-AA205D7EF02E}"
EndProject
Global
	GlobalSection(SolutionConfigurationPlatforms) = preSolution
		Debug|x64 = Debug|x64
		Debug|x86 = Debug|x86
		Release|x64 = Release|x64
		Release|x86 = Release|x86
	EndGlobalSection
	GlobalSection(ProjectConfigurationPlatforms) = postSolution
		{5F12E01B-8735-40BB-B271-705AB2E04B6B}.Debug|x64.ActiveCfg = Debug|x64
		{5F12E01B-8735-40BB-B271-705AB2E04B6B}.Debug|x64.Build.0 = Debug|x64
		{5F12E01B-8735-40BB-B271-705AB2E04B6B}.Debug|x86.ActiveCfg = Debug|Win32
		{5F12E01B-8735-40BB-B271-705AB2E04B6B}.Debug|x86.Build.0 = Debug|Win32
		{5F12E01B-8735-40BB-B271-705AB2E04B6B}.Release|x64.ActiveCfg = Release|x64
		{5F12E01B-8735-40BB-B271-705AB2E04B6B}.Release|x64.Build.0 = Release|x64
		{5F12E01B-8735-40BB-B271-705AB2E04B6B}.Release|x86.ActiveCfg = Release|Win32
		{5F12E01B-8735-40BB-B271-705AB2E04B6B}.Release|x86.Build.0 = Release|Win32
		{8D96020F-A343-4B9F-A5F7-8AF104DD3C28}.Debug|x64.ActiveCfg = Debug|x64
		{8D96020F-A343-4B9F-A5F7-8AF104DD3C28}.Debug|x64.Build.0 = Debug|x64
		{8D96020F-A343-4B9F-A5F7-8AF104DD3C28}.Debug|x86.ActiveCfg = Debug|Win32
		{8D96020F-A343-4B9F-A5F7-8AF104DD3C28}.Debug|x86.Build.0 = Debug|Win32
		{8D96020F-A343-4B9F-A5F7-8AF104DD3C28}.Release|x64.ActiveCfg = Release|x64
		{8D96020F-A343-4B9F-A5F7-8AF104DD3C28}.Release|x64.Build.0 = Release|x64
		{8D96020F-A343-4B9F-A5F7-8AF104DD3C28}.Release|x86.ActiveCfg = Release|Win32
		{8D96020F-A343-4B9F-A5F7-8AF104DD3C28}.Release|x86.Build.0 = Release|Win32
		{6B0DF065-7618-4147-9FFF-AA205D7EF02E}.Debug|x64.ActiveCfg = Debug|x64
		{6B0DF065-7618-4147-9FFF-AA205D7EF02E}.Debug|x64.Build.0 = Debug|x64
		{6B0DF065-7618-4147-9FFF-AA205D7EF02E}.Debug|x86.ActiveCfg = Debug|Win32
		{6B0DF065-7618-4147-9FFF-AA205D7EF02E}.Debug|x86.Build.0 = Debug|Win32
		{6B0DF065-7618-4147-9FFF-AA205D7EF02E}.Release|x64.ActiveCfg = Release|x64
		{6B0DF065-7618-4147-9FFF-AA205D7EF02E}.Release|x64.Build.0 = Release|x64
		{6B0DF065-7618-4147-9FFF-AA205D7EF02E}.Release|x86.ActiveCfg = Release|Win32
		{6B0DF065-7618-4147-9FFF-AA205D7EF02E}.Release|x86.Build.0 = Release|Win32
	EndGlobalSection
	GlobalSection(SolutionProperties) = preSolution
		HideSolutionNode = FALSE
	EndGlobalSection
EndGlobal
